// !$*UTF8*$!
{
	archiveVersion = 1;
	classes = {
	};
	objectVersion = 56;
	objects = {

/* Begin PBXBuildFile section */
		1CF6C8E42C44C05000D95621 /* AppDelegate.swift in Sources */ = {isa = PBXBuildFile; fileRef = 1CF6C8E32C44C05000D95621 /* AppDelegate.swift */; };
		1CF6C8E62C44C05000D95621 /* SceneDelegate.swift in Sources */ = {isa = PBXBuildFile; fileRef = 1CF6C8E52C44C05000D95621 /* SceneDelegate.swift */; };
		1CF6C8EB2C44C05000D95621 /* Base in Resources */ = {isa = PBXBuildFile; fileRef = 1CF6C8EA2C44C05000D95621 /* Base */; };
		1CF6C8ED2C44C05200D95621 /* Assets.xcassets in Resources */ = {isa = PBXBuildFile; fileRef = 1CF6C8EC2C44C05200D95621 /* Assets.xcassets */; };
		1CF6C8F02C44C05200D95621 /* Base in Resources */ = {isa = PBXBuildFile; fileRef = 1CF6C8EF2C44C05200D95621 /* Base */; };
		1CF6C8FB2C44C05200D95621 /* app_testTests.swift in Sources */ = {isa = PBXBuildFile; fileRef = 1CF6C8FA2C44C05200D95621 /* app_testTests.swift */; };
		1CF6C9052C44C05200D95621 /* app_testUITests.swift in Sources */ = {isa = PBXBuildFile; fileRef = 1CF6C9042C44C05200D95621 /* app_testUITests.swift */; };
		1CF6C9072C44C05200D95621 /* app_testUITestsLaunchTests.swift in Sources */ = {isa = PBXBuildFile; fileRef = 1CF6C9062C44C05200D95621 /* app_testUITestsLaunchTests.swift */; };
		1CF6C91B2C460A5B00D95621 /* TeacherListViewController.swift in Sources */ = {isa = PBXBuildFile; fileRef = 1CF6C9192C460A5B00D95621 /* TeacherListViewController.swift */; };
		1CF6C91C2C460A5B00D95621 /* TeacherListViewController.xib in Resources */ = {isa = PBXBuildFile; fileRef = 1CF6C91A2C460A5B00D95621 /* TeacherListViewController.xib */; };
		1CF6C91E2C460B3C00D95621 /* SignInViewController.swift in Sources */ = {isa = PBXBuildFile; fileRef = 1CF6C91D2C460B3C00D95621 /* SignInViewController.swift */; };
		1CF6C9212C46139D00D95621 /* TeacherCell.swift in Sources */ = {isa = PBXBuildFile; fileRef = 1CF6C91F2C46139D00D95621 /* TeacherCell.swift */; };
		1CF6C9222C46139D00D95621 /* TeacherCell.xib in Resources */ = {isa = PBXBuildFile; fileRef = 1CF6C9202C46139D00D95621 /* TeacherCell.xib */; };
		1CF6C9252C465D2800D95621 /* TeacherDetailsViewController.swift in Sources */ = {isa = PBXBuildFile; fileRef = 1CF6C9232C465D2800D95621 /* TeacherDetailsViewController.swift */; };
		1CF6C9262C465D2800D95621 /* TeacherDetailsViewController.xib in Resources */ = {isa = PBXBuildFile; fileRef = 1CF6C9242C465D2800D95621 /* TeacherDetailsViewController.xib */; };
		1CF6C9292C46704600D95621 /* AdsBannerCell.swift in Sources */ = {isa = PBXBuildFile; fileRef = 1CF6C9272C46704500D95621 /* AdsBannerCell.swift */; };
		1CF6C92A2C46704600D95621 /* AdsBannerCell.xib in Resources */ = {isa = PBXBuildFile; fileRef = 1CF6C9282C46704500D95621 /* AdsBannerCell.xib */; };
		1CF6C9352C47677800D95621 /* ProductCell.swift in Sources */ = {isa = PBXBuildFile; fileRef = 1CF6C9332C47677800D95621 /* ProductCell.swift */; };
		1CF6C9362C47677800D95621 /* ProductCell.xib in Resources */ = {isa = PBXBuildFile; fileRef = 1CF6C9342C47677800D95621 /* ProductCell.xib */; };
		1CF6C94D2C48A67800D95621 /* ProductsViewController.xib in Resources */ = {isa = PBXBuildFile; fileRef = 1CF6C94B2C48A67800D95621 /* ProductsViewController.xib */; };
		1CF6C94E2C48A67800D95621 /* ProductsViewController.swift in Sources */ = {isa = PBXBuildFile; fileRef = 1CF6C94C2C48A67800D95621 /* ProductsViewController.swift */; };
		1CF6C9592C48A89600D95621 /* ProductDetailViewController.swift in Sources */ = {isa = PBXBuildFile; fileRef = 1CF6C9572C48A89600D95621 /* ProductDetailViewController.swift */; };
		1CF6C95A2C48A89600D95621 /* ProductDetailViewController.xib in Resources */ = {isa = PBXBuildFile; fileRef = 1CF6C9582C48A89600D95621 /* ProductDetailViewController.xib */; };
		1CF6C95C2C48AA6700D95621 /* CustomTabBarController.swift in Sources */ = {isa = PBXBuildFile; fileRef = 1CF6C95B2C48AA6700D95621 /* CustomTabBarController.swift */; };
		1CF6C95F2C48AAB100D95621 /* SettingsViewController.swift in Sources */ = {isa = PBXBuildFile; fileRef = 1CF6C95D2C48AAB100D95621 /* SettingsViewController.swift */; };
		1CF6C9602C48AAB100D95621 /* SettingsViewController.xib in Resources */ = {isa = PBXBuildFile; fileRef = 1CF6C95E2C48AAB100D95621 /* SettingsViewController.xib */; };
		1CF6C96A2C48F49900D95621 /* SettingsViewCell.swift in Sources */ = {isa = PBXBuildFile; fileRef = 1CF6C9682C48F49800D95621 /* SettingsViewCell.swift */; };
		1CF6C96B2C48F49900D95621 /* SettingsViewCell.xib in Resources */ = {isa = PBXBuildFile; fileRef = 1CF6C9692C48F49800D95621 /* SettingsViewCell.xib */; };
/* End PBXBuildFile section */

/* Begin PBXContainerItemProxy section */
		1CF6C8F72C44C05200D95621 /* PBXContainerItemProxy */ = {
			isa = PBXContainerItemProxy;
			containerPortal = 1CF6C8D82C44C05000D95621 /* Project object */;
			proxyType = 1;
			remoteGlobalIDString = 1CF6C8DF2C44C05000D95621;
			remoteInfo = "app-test";
		};
		1CF6C9012C44C05200D95621 /* PBXContainerItemProxy */ = {
			isa = PBXContainerItemProxy;
			containerPortal = 1CF6C8D82C44C05000D95621 /* Project object */;
			proxyType = 1;
			remoteGlobalIDString = 1CF6C8DF2C44C05000D95621;
			remoteInfo = "app-test";
		};
/* End PBXContainerItemProxy section */

/* Begin PBXFileReference section */
		1CF6C8E02C44C05000D95621 /* app-test.app */ = {isa = PBXFileReference; explicitFileType = wrapper.application; includeInIndex = 0; path = "app-test.app"; sourceTree = BUILT_PRODUCTS_DIR; };
		1CF6C8E32C44C05000D95621 /* AppDelegate.swift */ = {isa = PBXFileReference; lastKnownFileType = sourcecode.swift; path = AppDelegate.swift; sourceTree = "<group>"; };
		1CF6C8E52C44C05000D95621 /* SceneDelegate.swift */ = {isa = PBXFileReference; lastKnownFileType = sourcecode.swift; path = SceneDelegate.swift; sourceTree = "<group>"; };
		1CF6C8EA2C44C05000D95621 /* Base */ = {isa = PBXFileReference; lastKnownFileType = file.storyboard; name = Base; path = Base.lproj/Main.storyboard; sourceTree = "<group>"; };
		1CF6C8EC2C44C05200D95621 /* Assets.xcassets */ = {isa = PBXFileReference; lastKnownFileType = folder.assetcatalog; path = Assets.xcassets; sourceTree = "<group>"; };
		1CF6C8EF2C44C05200D95621 /* Base */ = {isa = PBXFileReference; lastKnownFileType = file.storyboard; name = Base; path = Base.lproj/LaunchScreen.storyboard; sourceTree = "<group>"; };
		1CF6C8F12C44C05200D95621 /* Info.plist */ = {isa = PBXFileReference; lastKnownFileType = text.plist.xml; path = Info.plist; sourceTree = "<group>"; };
		1CF6C8F62C44C05200D95621 /* app-testTests.xctest */ = {isa = PBXFileReference; explicitFileType = wrapper.cfbundle; includeInIndex = 0; path = "app-testTests.xctest"; sourceTree = BUILT_PRODUCTS_DIR; };
		1CF6C8FA2C44C05200D95621 /* app_testTests.swift */ = {isa = PBXFileReference; lastKnownFileType = sourcecode.swift; path = app_testTests.swift; sourceTree = "<group>"; };
		1CF6C9002C44C05200D95621 /* app-testUITests.xctest */ = {isa = PBXFileReference; explicitFileType = wrapper.cfbundle; includeInIndex = 0; path = "app-testUITests.xctest"; sourceTree = BUILT_PRODUCTS_DIR; };
		1CF6C9042C44C05200D95621 /* app_testUITests.swift */ = {isa = PBXFileReference; lastKnownFileType = sourcecode.swift; path = app_testUITests.swift; sourceTree = "<group>"; };
		1CF6C9062C44C05200D95621 /* app_testUITestsLaunchTests.swift */ = {isa = PBXFileReference; lastKnownFileType = sourcecode.swift; path = app_testUITestsLaunchTests.swift; sourceTree = "<group>"; };
		1CF6C9192C460A5B00D95621 /* TeacherListViewController.swift */ = {isa = PBXFileReference; lastKnownFileType = sourcecode.swift; path = TeacherListViewController.swift; sourceTree = "<group>"; };
		1CF6C91A2C460A5B00D95621 /* TeacherListViewController.xib */ = {isa = PBXFileReference; lastKnownFileType = file.xib; path = TeacherListViewController.xib; sourceTree = "<group>"; };
		1CF6C91D2C460B3C00D95621 /* SignInViewController.swift */ = {isa = PBXFileReference; lastKnownFileType = sourcecode.swift; path = SignInViewController.swift; sourceTree = "<group>"; };
		1CF6C91F2C46139D00D95621 /* TeacherCell.swift */ = {isa = PBXFileReference; lastKnownFileType = sourcecode.swift; path = TeacherCell.swift; sourceTree = "<group>"; };
		1CF6C9202C46139D00D95621 /* TeacherCell.xib */ = {isa = PBXFileReference; lastKnownFileType = file.xib; path = TeacherCell.xib; sourceTree = "<group>"; };
		1CF6C9232C465D2800D95621 /* TeacherDetailsViewController.swift */ = {isa = PBXFileReference; lastKnownFileType = sourcecode.swift; path = TeacherDetailsViewController.swift; sourceTree = "<group>"; };
		1CF6C9242C465D2800D95621 /* TeacherDetailsViewController.xib */ = {isa = PBXFileReference; lastKnownFileType = file.xib; path = TeacherDetailsViewController.xib; sourceTree = "<group>"; };
		1CF6C9272C46704500D95621 /* AdsBannerCell.swift */ = {isa = PBXFileReference; lastKnownFileType = sourcecode.swift; path = AdsBannerCell.swift; sourceTree = "<group>"; };
		1CF6C9282C46704500D95621 /* AdsBannerCell.xib */ = {isa = PBXFileReference; lastKnownFileType = file.xib; path = AdsBannerCell.xib; sourceTree = "<group>"; };
		1CF6C9332C47677800D95621 /* ProductCell.swift */ = {isa = PBXFileReference; lastKnownFileType = sourcecode.swift; path = ProductCell.swift; sourceTree = "<group>"; };
		1CF6C9342C47677800D95621 /* ProductCell.xib */ = {isa = PBXFileReference; lastKnownFileType = file.xib; path = ProductCell.xib; sourceTree = "<group>"; };
		1CF6C94B2C48A67800D95621 /* ProductsViewController.xib */ = {isa = PBXFileReference; fileEncoding = 4; lastKnownFileType = file.xib; path = ProductsViewController.xib; sourceTree = "<group>"; };
		1CF6C94C2C48A67800D95621 /* ProductsViewController.swift */ = {isa = PBXFileReference; fileEncoding = 4; lastKnownFileType = sourcecode.swift; path = ProductsViewController.swift; sourceTree = "<group>"; };
		1CF6C9572C48A89600D95621 /* ProductDetailViewController.swift */ = {isa = PBXFileReference; lastKnownFileType = sourcecode.swift; path = ProductDetailViewController.swift; sourceTree = "<group>"; };
		1CF6C9582C48A89600D95621 /* ProductDetailViewController.xib */ = {isa = PBXFileReference; lastKnownFileType = file.xib; path = ProductDetailViewController.xib; sourceTree = "<group>"; };
		1CF6C95B2C48AA6700D95621 /* CustomTabBarController.swift */ = {isa = PBXFileReference; lastKnownFileType = sourcecode.swift; path = CustomTabBarController.swift; sourceTree = "<group>"; };
		1CF6C95D2C48AAB100D95621 /* SettingsViewController.swift */ = {isa = PBXFileReference; lastKnownFileType = sourcecode.swift; path = SettingsViewController.swift; sourceTree = "<group>"; };
		1CF6C95E2C48AAB100D95621 /* SettingsViewController.xib */ = {isa = PBXFileReference; lastKnownFileType = file.xib; path = SettingsViewController.xib; sourceTree = "<group>"; };
		1CF6C9682C48F49800D95621 /* SettingsViewCell.swift */ = {isa = PBXFileReference; lastKnownFileType = sourcecode.swift; path = SettingsViewCell.swift; sourceTree = "<group>"; };
		1CF6C9692C48F49800D95621 /* SettingsViewCell.xib */ = {isa = PBXFileReference; lastKnownFileType = file.xib; path = SettingsViewCell.xib; sourceTree = "<group>"; };
/* End PBXFileReference section */

/* Begin PBXFrameworksBuildPhase section */
		1CF6C8DD2C44C05000D95621 /* Frameworks */ = {
			isa = PBXFrameworksBuildPhase;
			buildActionMask = 2147483647;
			files = (
			);
			runOnlyForDeploymentPostprocessing = 0;
		};
		1CF6C8F32C44C05200D95621 /* Frameworks */ = {
			isa = PBXFrameworksBuildPhase;
			buildActionMask = 2147483647;
			files = (
			);
			runOnlyForDeploymentPostprocessing = 0;
		};
		1CF6C8FD2C44C05200D95621 /* Frameworks */ = {
			isa = PBXFrameworksBuildPhase;
			buildActionMask = 2147483647;
			files = (
			);
			runOnlyForDeploymentPostprocessing = 0;
		};
/* End PBXFrameworksBuildPhase section */

/* Begin PBXGroup section */
		1CF6C8D72C44C05000D95621 = {
			isa = PBXGroup;
			children = (
				1CF6C8E22C44C05000D95621 /* app-test */,
				1CF6C8F92C44C05200D95621 /* app-testTests */,
				1CF6C9032C44C05200D95621 /* app-testUITests */,
				1CF6C8E12C44C05000D95621 /* Products */,
			);
			sourceTree = "<group>";
		};
		1CF6C8E12C44C05000D95621 /* Products */ = {
			isa = PBXGroup;
			children = (
				1CF6C8E02C44C05000D95621 /* app-test.app */,
				1CF6C8F62C44C05200D95621 /* app-testTests.xctest */,
				1CF6C9002C44C05200D95621 /* app-testUITests.xctest */,
			);
			name = Products;
			sourceTree = "<group>";
		};
		1CF6C8E22C44C05000D95621 /* app-test */ = {
			isa = PBXGroup;
			children = (
				1CF6C9612C48B2FA00D95621 /* Teacher */,
				1CF6C9622C48B33000D95621 /* Product */,
				1CF6C91D2C460B3C00D95621 /* SignInViewController.swift */,
				1CF6C8E32C44C05000D95621 /* AppDelegate.swift */,
				1CF6C8E52C44C05000D95621 /* SceneDelegate.swift */,
				1CF6C8E92C44C05000D95621 /* Main.storyboard */,
				1CF6C8EC2C44C05200D95621 /* Assets.xcassets */,
				1CF6C8EE2C44C05200D95621 /* LaunchScreen.storyboard */,
				1CF6C8F12C44C05200D95621 /* Info.plist */,
				1CF6C9272C46704500D95621 /* AdsBannerCell.swift */,
				1CF6C9282C46704500D95621 /* AdsBannerCell.xib */,
				1CF6C95B2C48AA6700D95621 /* CustomTabBarController.swift */,
				1CF6C9632C48F3FF00D95621 /* Settings */,
			);
			path = "app-test";
			sourceTree = "<group>";
		};
		1CF6C8F92C44C05200D95621 /* app-testTests */ = {
			isa = PBXGroup;
			children = (
				1CF6C8FA2C44C05200D95621 /* app_testTests.swift */,
			);
			path = "app-testTests";
			sourceTree = "<group>";
		};
		1CF6C9032C44C05200D95621 /* app-testUITests */ = {
			isa = PBXGroup;
			children = (
				1CF6C9042C44C05200D95621 /* app_testUITests.swift */,
				1CF6C9062C44C05200D95621 /* app_testUITestsLaunchTests.swift */,
			);
			path = "app-testUITests";
			sourceTree = "<group>";
		};
		1CF6C9612C48B2FA00D95621 /* Teacher */ = {
			isa = PBXGroup;
			children = (
				1CF6C9232C465D2800D95621 /* TeacherDetailsViewController.swift */,
				1CF6C9242C465D2800D95621 /* TeacherDetailsViewController.xib */,
				1CF6C91F2C46139D00D95621 /* TeacherCell.swift */,
				1CF6C9202C46139D00D95621 /* TeacherCell.xib */,
				1CF6C9192C460A5B00D95621 /* TeacherListViewController.swift */,
				1CF6C91A2C460A5B00D95621 /* TeacherListViewController.xib */,
			);
			path = Teacher;
			sourceTree = "<group>";
		};
		1CF6C9622C48B33000D95621 /* Product */ = {
			isa = PBXGroup;
			children = (
				1CF6C94C2C48A67800D95621 /* ProductsViewController.swift */,
				1CF6C94B2C48A67800D95621 /* ProductsViewController.xib */,
				1CF6C9332C47677800D95621 /* ProductCell.swift */,
				1CF6C9342C47677800D95621 /* ProductCell.xib */,
				1CF6C9572C48A89600D95621 /* ProductDetailViewController.swift */,
				1CF6C9582C48A89600D95621 /* ProductDetailViewController.xib */,
			);
			path = Product;
			sourceTree = "<group>";
		};
		1CF6C9632C48F3FF00D95621 /* Settings */ = {
			isa = PBXGroup;
			children = (
				1CF6C95D2C48AAB100D95621 /* SettingsViewController.swift */,
				1CF6C95E2C48AAB100D95621 /* SettingsViewController.xib */,
				1CF6C9682C48F49800D95621 /* SettingsViewCell.swift */,
				1CF6C9692C48F49800D95621 /* SettingsViewCell.xib */,
			);
			path = Settings;
			sourceTree = "<group>";
		};
/* End PBXGroup section */

/* Begin PBXNativeTarget section */
		1CF6C8DF2C44C05000D95621 /* app-test */ = {
			isa = PBXNativeTarget;
			buildConfigurationList = 1CF6C90A2C44C05200D95621 /* Build configuration list for PBXNativeTarget "app-test" */;
			buildPhases = (
				1CF6C8DC2C44C05000D95621 /* Sources */,
				1CF6C8DD2C44C05000D95621 /* Frameworks */,
				1CF6C8DE2C44C05000D95621 /* Resources */,
			);
			buildRules = (
			);
			dependencies = (
			);
			name = "app-test";
			productName = "app-test";
			productReference = 1CF6C8E02C44C05000D95621 /* app-test.app */;
			productType = "com.apple.product-type.application";
		};
		1CF6C8F52C44C05200D95621 /* app-testTests */ = {
			isa = PBXNativeTarget;
			buildConfigurationList = 1CF6C90D2C44C05200D95621 /* Build configuration list for PBXNativeTarget "app-testTests" */;
			buildPhases = (
				1CF6C8F22C44C05200D95621 /* Sources */,
				1CF6C8F32C44C05200D95621 /* Frameworks */,
				1CF6C8F42C44C05200D95621 /* Resources */,
			);
			buildRules = (
			);
			dependencies = (
				1CF6C8F82C44C05200D95621 /* PBXTargetDependency */,
			);
			name = "app-testTests";
			productName = "app-testTests";
			productReference = 1CF6C8F62C44C05200D95621 /* app-testTests.xctest */;
			productType = "com.apple.product-type.bundle.unit-test";
		};
		1CF6C8FF2C44C05200D95621 /* app-testUITests */ = {
			isa = PBXNativeTarget;
			buildConfigurationList = 1CF6C9102C44C05200D95621 /* Build configuration list for PBXNativeTarget "app-testUITests" */;
			buildPhases = (
				1CF6C8FC2C44C05200D95621 /* Sources */,
				1CF6C8FD2C44C05200D95621 /* Frameworks */,
				1CF6C8FE2C44C05200D95621 /* Resources */,
			);
			buildRules = (
			);
			dependencies = (
				1CF6C9022C44C05200D95621 /* PBXTargetDependency */,
			);
			name = "app-testUITests";
			productName = "app-testUITests";
			productReference = 1CF6C9002C44C05200D95621 /* app-testUITests.xctest */;
			productType = "com.apple.product-type.bundle.ui-testing";
		};
/* End PBXNativeTarget section */

/* Begin PBXProject section */
		1CF6C8D82C44C05000D95621 /* Project object */ = {
			isa = PBXProject;
			attributes = {
				BuildIndependentTargetsInParallel = 1;
				LastSwiftUpdateCheck = 1540;
				LastUpgradeCheck = 1540;
				TargetAttributes = {
					1CF6C8DF2C44C05000D95621 = {
						CreatedOnToolsVersion = 15.4;
					};
					1CF6C8F52C44C05200D95621 = {
						CreatedOnToolsVersion = 15.4;
						TestTargetID = 1CF6C8DF2C44C05000D95621;
					};
					1CF6C8FF2C44C05200D95621 = {
						CreatedOnToolsVersion = 15.4;
						TestTargetID = 1CF6C8DF2C44C05000D95621;
					};
				};
			};
			buildConfigurationList = 1CF6C8DB2C44C05000D95621 /* Build configuration list for PBXProject "app-test" */;
			compatibilityVersion = "Xcode 14.0";
			developmentRegion = en;
			hasScannedForEncodings = 0;
			knownRegions = (
				en,
				Base,
			);
			mainGroup = 1CF6C8D72C44C05000D95621;
			productRefGroup = 1CF6C8E12C44C05000D95621 /* Products */;
			projectDirPath = "";
			projectRoot = "";
			targets = (
				1CF6C8DF2C44C05000D95621 /* app-test */,
				1CF6C8F52C44C05200D95621 /* app-testTests */,
				1CF6C8FF2C44C05200D95621 /* app-testUITests */,
			);
		};
/* End PBXProject section */

/* Begin PBXResourcesBuildPhase section */
		1CF6C8DE2C44C05000D95621 /* Resources */ = {
			isa = PBXResourcesBuildPhase;
			buildActionMask = 2147483647;
			files = (
				1CF6C9362C47677800D95621 /* ProductCell.xib in Resources */,
				1CF6C96B2C48F49900D95621 /* SettingsViewCell.xib in Resources */,
				1CF6C8ED2C44C05200D95621 /* Assets.xcassets in Resources */,
				1CF6C9602C48AAB100D95621 /* SettingsViewController.xib in Resources */,
				1CF6C94D2C48A67800D95621 /* ProductsViewController.xib in Resources */,
				1CF6C95A2C48A89600D95621 /* ProductDetailViewController.xib in Resources */,
				1CF6C91C2C460A5B00D95621 /* TeacherListViewController.xib in Resources */,
				1CF6C9262C465D2800D95621 /* TeacherDetailsViewController.xib in Resources */,
				1CF6C9222C46139D00D95621 /* TeacherCell.xib in Resources */,
				1CF6C92A2C46704600D95621 /* AdsBannerCell.xib in Resources */,
				1CF6C8F02C44C05200D95621 /* Base in Resources */,
				1CF6C8EB2C44C05000D95621 /* Base in Resources */,
			);
			runOnlyForDeploymentPostprocessing = 0;
		};
		1CF6C8F42C44C05200D95621 /* Resources */ = {
			isa = PBXResourcesBuildPhase;
			buildActionMask = 2147483647;
			files = (
			);
			runOnlyForDeploymentPostprocessing = 0;
		};
		1CF6C8FE2C44C05200D95621 /* Resources */ = {
			isa = PBXResourcesBuildPhase;
			buildActionMask = 2147483647;
			files = (
			);
			runOnlyForDeploymentPostprocessing = 0;
		};
/* End PBXResourcesBuildPhase section */

/* Begin PBXSourcesBuildPhase section */
		1CF6C8DC2C44C05000D95621 /* Sources */ = {
			isa = PBXSourcesBuildPhase;
			buildActionMask = 2147483647;
			files = (
				1CF6C9252C465D2800D95621 /* TeacherDetailsViewController.swift in Sources */,
				1CF6C91B2C460A5B00D95621 /* TeacherListViewController.swift in Sources */,
				1CF6C96A2C48F49900D95621 /* SettingsViewCell.swift in Sources */,
				1CF6C8E42C44C05000D95621 /* AppDelegate.swift in Sources */,
				1CF6C9292C46704600D95621 /* AdsBannerCell.swift in Sources */,
				1CF6C94E2C48A67800D95621 /* ProductsViewController.swift in Sources */,
				1CF6C95C2C48AA6700D95621 /* CustomTabBarController.swift in Sources */,
				1CF6C91E2C460B3C00D95621 /* SignInViewController.swift in Sources */,
				1CF6C9352C47677800D95621 /* ProductCell.swift in Sources */,
				1CF6C9592C48A89600D95621 /* ProductDetailViewController.swift in Sources */,
				1CF6C9212C46139D00D95621 /* TeacherCell.swift in Sources */,
				1CF6C8E62C44C05000D95621 /* SceneDelegate.swift in Sources */,
				1CF6C95F2C48AAB100D95621 /* SettingsViewController.swift in Sources */,
			);
			runOnlyForDeploymentPostprocessing = 0;
		};
		1CF6C8F22C44C05200D95621 /* Sources */ = {
			isa = PBXSourcesBuildPhase;
			buildActionMask = 2147483647;
			files = (
				1CF6C8FB2C44C05200D95621 /* app_testTests.swift in Sources */,
			);
			runOnlyForDeploymentPostprocessing = 0;
		};
		1CF6C8FC2C44C05200D95621 /* Sources */ = {
			isa = PBXSourcesBuildPhase;
			buildActionMask = 2147483647;
			files = (
				1CF6C9072C44C05200D95621 /* app_testUITestsLaunchTests.swift in Sources */,
				1CF6C9052C44C05200D95621 /* app_testUITests.swift in Sources */,
			);
			runOnlyForDeploymentPostprocessing = 0;
		};
/* End PBXSourcesBuildPhase section */

/* Begin PBXTargetDependency section */
		1CF6C8F82C44C05200D95621 /* PBXTargetDependency */ = {
			isa = PBXTargetDependency;
			target = 1CF6C8DF2C44C05000D95621 /* app-test */;
			targetProxy = 1CF6C8F72C44C05200D95621 /* PBXContainerItemProxy */;
		};
		1CF6C9022C44C05200D95621 /* PBXTargetDependency */ = {
			isa = PBXTargetDependency;
			target = 1CF6C8DF2C44C05000D95621 /* app-test */;
			targetProxy = 1CF6C9012C44C05200D95621 /* PBXContainerItemProxy */;
		};
/* End PBXTargetDependency section */

/* Begin PBXVariantGroup section */
		1CF6C8E92C44C05000D95621 /* Main.storyboard */ = {
			isa = PBXVariantGroup;
			children = (
				1CF6C8EA2C44C05000D95621 /* Base */,
			);
			name = Main.storyboard;
			sourceTree = "<group>";
		};
		1CF6C8EE2C44C05200D95621 /* LaunchScreen.storyboard */ = {
			isa = PBXVariantGroup;
			children = (
				1CF6C8EF2C44C05200D95621 /* Base */,
			);
			name = LaunchScreen.storyboard;
			sourceTree = "<group>";
		};
/* End PBXVariantGroup section */

/* Begin XCBuildConfiguration section */
		1CF6C9082C44C05200D95621 /* Debug */ = {
			isa = XCBuildConfiguration;
			buildSettings = {
				ALWAYS_SEARCH_USER_PATHS = NO;
				ASSETCATALOG_COMPILER_GENERATE_SWIFT_ASSET_SYMBOL_EXTENSIONS = YES;
				CLANG_ANALYZER_NONNULL = YES;
				CLANG_ANALYZER_NUMBER_OBJECT_CONVERSION = YES_AGGRESSIVE;
				CLANG_CXX_LANGUAGE_STANDARD = "gnu++20";
				CLANG_ENABLE_MODULES = YES;
				CLANG_ENABLE_OBJC_ARC = YES;
				CLANG_ENABLE_OBJC_WEAK = YES;
				CLANG_WARN_BLOCK_CAPTURE_AUTORELEASING = YES;
				CLANG_WARN_BOOL_CONVERSION = YES;
				CLANG_WARN_COMMA = YES;
				CLANG_WARN_CONSTANT_CONVERSION = YES;
				CLANG_WARN_DEPRECATED_OBJC_IMPLEMENTATIONS = YES;
				CLANG_WARN_DIRECT_OBJC_ISA_USAGE = YES_ERROR;
				CLANG_WARN_DOCUMENTATION_COMMENTS = YES;
				CLANG_WARN_EMPTY_BODY = YES;
				CLANG_WARN_ENUM_CONVERSION = YES;
				CLANG_WARN_INFINITE_RECURSION = YES;
				CLANG_WARN_INT_CONVERSION = YES;
				CLANG_WARN_NON_LITERAL_NULL_CONVERSION = YES;
				CLANG_WARN_OBJC_IMPLICIT_RETAIN_SELF = YES;
				CLANG_WARN_OBJC_LITERAL_CONVERSION = YES;
				CLANG_WARN_OBJC_ROOT_CLASS = YES_ERROR;
				CLANG_WARN_QUOTED_INCLUDE_IN_FRAMEWORK_HEADER = YES;
				CLANG_WARN_RANGE_LOOP_ANALYSIS = YES;
				CLANG_WARN_STRICT_PROTOTYPES = YES;
				CLANG_WARN_SUSPICIOUS_MOVE = YES;
				CLANG_WARN_UNGUARDED_AVAILABILITY = YES_AGGRESSIVE;
				CLANG_WARN_UNREACHABLE_CODE = YES;
				CLANG_WARN__DUPLICATE_METHOD_MATCH = YES;
				COPY_PHASE_STRIP = NO;
				DEBUG_INFORMATION_FORMAT = dwarf;
				ENABLE_STRICT_OBJC_MSGSEND = YES;
				ENABLE_TESTABILITY = YES;
				ENABLE_USER_SCRIPT_SANDBOXING = YES;
				GCC_C_LANGUAGE_STANDARD = gnu17;
				GCC_DYNAMIC_NO_PIC = NO;
				GCC_NO_COMMON_BLOCKS = YES;
				GCC_OPTIMIZATION_LEVEL = 0;
				GCC_PREPROCESSOR_DEFINITIONS = (
					"DEBUG=1",
					"$(inherited)",
				);
				GCC_WARN_64_TO_32_BIT_CONVERSION = YES;
				GCC_WARN_ABOUT_RETURN_TYPE = YES_ERROR;
				GCC_WARN_UNDECLARED_SELECTOR = YES;
				GCC_WARN_UNINITIALIZED_AUTOS = YES_AGGRESSIVE;
				GCC_WARN_UNUSED_FUNCTION = YES;
				GCC_WARN_UNUSED_VARIABLE = YES;
				IPHONEOS_DEPLOYMENT_TARGET = 17.5;
				LOCALIZATION_PREFERS_STRING_CATALOGS = YES;
				MTL_ENABLE_DEBUG_INFO = INCLUDE_SOURCE;
				MTL_FAST_MATH = YES;
				ONLY_ACTIVE_ARCH = YES;
				SDKROOT = iphoneos;
				SWIFT_ACTIVE_COMPILATION_CONDITIONS = "DEBUG $(inherited)";
				SWIFT_OPTIMIZATION_LEVEL = "-Onone";
			};
			name = Debug;
		};
		1CF6C9092C44C05200D95621 /* Release */ = {
			isa = XCBuildConfiguration;
			buildSettings = {
				ALWAYS_SEARCH_USER_PATHS = NO;
				ASSETCATALOG_COMPILER_GENERATE_SWIFT_ASSET_SYMBOL_EXTENSIONS = YES;
				CLANG_ANALYZER_NONNULL = YES;
				CLANG_ANALYZER_NUMBER_OBJECT_CONVERSION = YES_AGGRESSIVE;
				CLANG_CXX_LANGUAGE_STANDARD = "gnu++20";
				CLANG_ENABLE_MODULES = YES;
				CLANG_ENABLE_OBJC_ARC = YES;
				CLANG_ENABLE_OBJC_WEAK = YES;
				CLANG_WARN_BLOCK_CAPTURE_AUTORELEASING = YES;
				CLANG_WARN_BOOL_CONVERSION = YES;
				CLANG_WARN_COMMA = YES;
				CLANG_WARN_CONSTANT_CONVERSION = YES;
				CLANG_WARN_DEPRECATED_OBJC_IMPLEMENTATIONS = YES;
				CLANG_WARN_DIRECT_OBJC_ISA_USAGE = YES_ERROR;
				CLANG_WARN_DOCUMENTATION_COMMENTS = YES;
				CLANG_WARN_EMPTY_BODY = YES;
				CLANG_WARN_ENUM_CONVERSION = YES;
				CLANG_WARN_INFINITE_RECURSION = YES;
				CLANG_WARN_INT_CONVERSION = YES;
				CLANG_WARN_NON_LITERAL_NULL_CONVERSION = YES;
				CLANG_WARN_OBJC_IMPLICIT_RETAIN_SELF = YES;
				CLANG_WARN_OBJC_LITERAL_CONVERSION = YES;
				CLANG_WARN_OBJC_ROOT_CLASS = YES_ERROR;
				CLANG_WARN_QUOTED_INCLUDE_IN_FRAMEWORK_HEADER = YES;
				CLANG_WARN_RANGE_LOOP_ANALYSIS = YES;
				CLANG_WARN_STRICT_PROTOTYPES = YES;
				CLANG_WARN_SUSPICIOUS_MOVE = YES;
				CLANG_WARN_UNGUARDED_AVAILABILITY = YES_AGGRESSIVE;
				CLANG_WARN_UNREACHABLE_CODE = YES;
				CLANG_WARN__DUPLICATE_METHOD_MATCH = YES;
				COPY_PHASE_STRIP = NO;
				DEBUG_INFORMATION_FORMAT = "dwarf-with-dsym";
				ENABLE_NS_ASSERTIONS = NO;
				ENABLE_STRICT_OBJC_MSGSEND = YES;
				ENABLE_USER_SCRIPT_SANDBOXING = YES;
				GCC_C_LANGUAGE_STANDARD = gnu17;
				GCC_NO_COMMON_BLOCKS = YES;
				GCC_WARN_64_TO_32_BIT_CONVERSION = YES;
				GCC_WARN_ABOUT_RETURN_TYPE = YES_ERROR;
				GCC_WARN_UNDECLARED_SELECTOR = YES;
				GCC_WARN_UNINITIALIZED_AUTOS = YES_AGGRESSIVE;
				GCC_WARN_UNUSED_FUNCTION = YES;
				GCC_WARN_UNUSED_VARIABLE = YES;
				IPHONEOS_DEPLOYMENT_TARGET = 17.5;
				LOCALIZATION_PREFERS_STRING_CATALOGS = YES;
				MTL_ENABLE_DEBUG_INFO = NO;
				MTL_FAST_MATH = YES;
				SDKROOT = iphoneos;
				SWIFT_COMPILATION_MODE = wholemodule;
				VALIDATE_PRODUCT = YES;
			};
			name = Release;
		};
		1CF6C90B2C44C05200D95621 /* Debug */ = {
			isa = XCBuildConfiguration;
			buildSettings = {
				ASSETCATALOG_COMPILER_APPICON_NAME = AppIcon;
				ASSETCATALOG_COMPILER_GLOBAL_ACCENT_COLOR_NAME = AccentColor;
				CODE_SIGN_STYLE = Automatic;
				CURRENT_PROJECT_VERSION = 1;
				GENERATE_INFOPLIST_FILE = YES;
				INFOPLIST_FILE = "app-test/Info.plist";
				INFOPLIST_KEY_UIApplicationSupportsIndirectInputEvents = YES;
				INFOPLIST_KEY_UILaunchStoryboardName = LaunchScreen;
				INFOPLIST_KEY_UIMainStoryboardFile = Main;
				INFOPLIST_KEY_UISupportedInterfaceOrientations_iPad = "UIInterfaceOrientationPortrait UIInterfaceOrientationPortraitUpsideDown UIInterfaceOrientationLandscapeLeft UIInterfaceOrientationLandscapeRight";
				INFOPLIST_KEY_UISupportedInterfaceOrientations_iPhone = "UIInterfaceOrientationPortrait UIInterfaceOrientationLandscapeLeft UIInterfaceOrientationLandscapeRight";
				LD_RUNPATH_SEARCH_PATHS = (
					"$(inherited)",
					"@executable_path/Frameworks",
				);
				MARKETING_VERSION = 1.0;
				PRODUCT_BUNDLE_IDENTIFIER = "test.app-test";
				PRODUCT_NAME = "$(TARGET_NAME)";
				SWIFT_EMIT_LOC_STRINGS = YES;
				SWIFT_VERSION = 5.0;
				TARGETED_DEVICE_FAMILY = "1,2";
			};
			name = Debug;
		};
		1CF6C90C2C44C05200D95621 /* Release */ = {
			isa = XCBuildConfiguration;
			buildSettings = {
				ASSETCATALOG_COMPILER_APPICON_NAME = AppIcon;
				ASSETCATALOG_COMPILER_GLOBAL_ACCENT_COLOR_NAME = AccentColor;
				CODE_SIGN_STYLE = Automatic;
				CURRENT_PROJECT_VERSION = 1;
				GENERATE_INFOPLIST_FILE = YES;
				INFOPLIST_FILE = "app-test/Info.plist";
				INFOPLIST_KEY_UIApplicationSupportsIndirectInputEvents = YES;
				INFOPLIST_KEY_UILaunchStoryboardName = LaunchScreen;
				INFOPLIST_KEY_UIMainStoryboardFile = Main;
				INFOPLIST_KEY_UISupportedInterfaceOrientations_iPad = "UIInterfaceOrientationPortrait UIInterfaceOrientationPortraitUpsideDown UIInterfaceOrientationLandscapeLeft UIInterfaceOrientationLandscapeRight";
				INFOPLIST_KEY_UISupportedInterfaceOrientations_iPhone = "UIInterfaceOrientationPortrait UIInterfaceOrientationLandscapeLeft UIInterfaceOrientationLandscapeRight";
				LD_RUNPATH_SEARCH_PATHS = (
					"$(inherited)",
					"@executable_path/Frameworks",
				);
				MARKETING_VERSION = 1.0;
				PRODUCT_BUNDLE_IDENTIFIER = "test.app-test";
				PRODUCT_NAME = "$(TARGET_NAME)";
				SWIFT_EMIT_LOC_STRINGS = YES;
				SWIFT_VERSION = 5.0;
				TARGETED_DEVICE_FAMILY = "1,2";
			};
			name = Release;
		};
		1CF6C90E2C44C05200D95621 /* Debug */ = {
			isa = XCBuildConfiguration;
			buildSettings = {
				ALWAYS_EMBED_SWIFT_STANDARD_LIBRARIES = YES;
				BUNDLE_LOADER = "$(TEST_HOST)";
				CODE_SIGN_STYLE = Automatic;
				CURRENT_PROJECT_VERSION = 1;
				GENERATE_INFOPLIST_FILE = YES;
				IPHONEOS_DEPLOYMENT_TARGET = 17.5;
				MARKETING_VERSION = 1.0;
				PRODUCT_BUNDLE_IDENTIFIER = "test.app-testTests";
				PRODUCT_NAME = "$(TARGET_NAME)";
				SWIFT_EMIT_LOC_STRINGS = NO;
				SWIFT_VERSION = 5.0;
				TARGETED_DEVICE_FAMILY = "1,2";
				TEST_HOST = "$(BUILT_PRODUCTS_DIR)/app-test.app/$(BUNDLE_EXECUTABLE_FOLDER_PATH)/app-test";
			};
			name = Debug;
		};
		1CF6C90F2C44C05200D95621 /* Release */ = {
			isa = XCBuildConfiguration;
			buildSettings = {
				ALWAYS_EMBED_SWIFT_STANDARD_LIBRARIES = YES;
				BUNDLE_LOADER = "$(TEST_HOST)";
				CODE_SIGN_STYLE = Automatic;
				CURRENT_PROJECT_VERSION = 1;
				GENERATE_INFOPLIST_FILE = YES;
				IPHONEOS_DEPLOYMENT_TARGET = 17.5;
				MARKETING_VERSION = 1.0;
				PRODUCT_BUNDLE_IDENTIFIER = "test.app-testTests";
				PRODUCT_NAME = "$(TARGET_NAME)";
				SWIFT_EMIT_LOC_STRINGS = NO;
				SWIFT_VERSION = 5.0;
				TARGETED_DEVICE_FAMILY = "1,2";
				TEST_HOST = "$(BUILT_PRODUCTS_DIR)/app-test.app/$(BUNDLE_EXECUTABLE_FOLDER_PATH)/app-test";
			};
			name = Release;
		};
		1CF6C9112C44C05200D95621 /* Debug */ = {
			isa = XCBuildConfiguration;
			buildSettings = {
				ALWAYS_EMBED_SWIFT_STANDARD_LIBRARIES = YES;
				CODE_SIGN_STYLE = Automatic;
				CURRENT_PROJECT_VERSION = 1;
				GENERATE_INFOPLIST_FILE = YES;
				MARKETING_VERSION = 1.0;
				PRODUCT_BUNDLE_IDENTIFIER = "test.app-testUITests";
				PRODUCT_NAME = "$(TARGET_NAME)";
				SWIFT_EMIT_LOC_STRINGS = NO;
				SWIFT_VERSION = 5.0;
				TARGETED_DEVICE_FAMILY = "1,2";
				TEST_TARGET_NAME = "app-test";
			};
			name = Debug;
		};
		1CF6C9122C44C05200D95621 /* Release */ = {
			isa = XCBuildConfiguration;
			buildSettings = {
				ALWAYS_EMBED_SWIFT_STANDARD_LIBRARIES = YES;
				CODE_SIGN_STYLE = Automatic;
				CURRENT_PROJECT_VERSION = 1;
				GENERATE_INFOPLIST_FILE = YES;
				MARKETING_VERSION = 1.0;
				PRODUCT_BUNDLE_IDENTIFIER = "test.app-testUITests";
				PRODUCT_NAME = "$(TARGET_NAME)";
				SWIFT_EMIT_LOC_STRINGS = NO;
				SWIFT_VERSION = 5.0;
				TARGETED_DEVICE_FAMILY = "1,2";
				TEST_TARGET_NAME = "app-test";
			};
			name = Release;
		};
/* End XCBuildConfiguration section */

/* Begin XCConfigurationList section */
		1CF6C8DB2C44C05000D95621 /* Build configuration list for PBXProject "app-test" */ = {
			isa = XCConfigurationList;
			buildConfigurations = (
				1CF6C9082C44C05200D95621 /* Debug */,
				1CF6C9092C44C05200D95621 /* Release */,
			);
			defaultConfigurationIsVisible = 0;
			defaultConfigurationName = Release;
		};
		1CF6C90A2C44C05200D95621 /* Build configuration list for PBXNativeTarget "app-test" */ = {
			isa = XCConfigurationList;
			buildConfigurations = (
				1CF6C90B2C44C05200D95621 /* Debug */,
				1CF6C90C2C44C05200D95621 /* Release */,
			);
			defaultConfigurationIsVisible = 0;
			defaultConfigurationName = Release;
		};
		1CF6C90D2C44C05200D95621 /* Build configuration list for PBXNativeTarget "app-testTests" */ = {
			isa = XCConfigurationList;
			buildConfigurations = (
				1CF6C90E2C44C05200D95621 /* Debug */,
				1CF6C90F2C44C05200D95621 /* Release */,
			);
			defaultConfigurationIsVisible = 0;
			defaultConfigurationName = Release;
		};
		1CF6C9102C44C05200D95621 /* Build configuration list for PBXNativeTarget "app-testUITests" */ = {
			isa = XCConfigurationList;
			buildConfigurations = (
				1CF6C9112C44C05200D95621 /* Debug */,
				1CF6C9122C44C05200D95621 /* Release */,
			);
			defaultConfigurationIsVisible = 0;
			defaultConfigurationName = Release;
		};
/* End XCConfigurationList section */
	};
	rootObject = 1CF6C8D82C44C05000D95621 /* Project object */;
}
